
Microsoft Visual Studio Solution File, Format Version 12.00
# Visual Studio Version 16
VisualStudioVersion = 16.0.31911.196
MinimumVisualStudioVersion = 10.0.40219.1
Project("{9A19103F-16F7-4668-BE54-9A1E7A4F7556}") = "dfs", "dfs\dfs.csproj", "{814728BD-716A-4FBE-852A-03FAB791D919}"
EndProject
Project("{9A19103F-16F7-4668-BE54-9A1E7A4F7556}") = "dda", "dda\dda.csproj", "{CC2C8920-1D4E-4837-B2C5-268892EF90BF}"
EndProject
Project("{9A19103F-16F7-4668-BE54-9A1E7A4F7556}") = "aad", "aad\aad.csproj", "{2BCBDD27-4B4C-4DF8-9984-8B05392B95FB}"
EndProject
Project("{9A19103F-16F7-4668-BE54-9A1E7A4F7556}") = "ssa", "ssa\ssa.csproj", "{4A937688-8542-475C-97C4-194739E13434}"
EndProject
Project("{9A19103F-16F7-4668-BE54-9A1E7A4F7556}") = "사람ㅁㄷㄱ", "사람ㅁㄷㄱ\사람ㅁㄷㄱ.csproj", "{84D6E626-5383-4C02-8B40-8B61E69268A6}"
EndProject
Project("{9A19103F-16F7-4668-BE54-9A1E7A4F7556}") = "객체", "객체\객체.csproj", "{8E2C09A9-DD71-456A-AFB3-4E631FE1919D}"
EndProject
Project("{9A19103F-16F7-4668-BE54-9A1E7A4F7556}") = "인스턴스 객체화", "인스턴스 객체화\인스턴스 객체화.csproj", "{BB0DE99F-0522-48E4-8BBC-1A9E2E607968}"
EndProject
Project("{9A19103F-16F7-4668-BE54-9A1E7A4F7556}") = "오크생성", "오크생성\오크생성.csproj", "{DA4245D0-E3DB-4D87-8F88-8421C8DB6F0E}"
EndProject
Project("{9A19103F-16F7-4668-BE54-9A1E7A4F7556}") = "오크만ㄷㄹ", "오크만ㄷㄹ\오크만ㄷㄹ.csproj", "{FF32EDA8-41EF-4C31-B7B1-CD3E957452BB}"
EndProject
Project("{9A19103F-16F7-4668-BE54-9A1E7A4F7556}") = "스태틱", "스태틱\스태틱.csproj", "{5ED56837-1356-4C36-AF64-F756B898CDA5}"
EndProject
Project("{9A19103F-16F7-4668-BE54-9A1E7A4F7556}") = "스태틱틱", "static\스태틱틱.csproj", "{D46CBFB7-4A87-4A2A-AB2F-CAD656A8DCCC}"
EndProject
Project("{FAE04EC0-301F-11D3-BF4B-00C04F79EFBC}") = "더하기", "더하기\더하기.csproj", "{B0DE16EF-1948-4C08-A42E-E288337FBBFA}"
EndProject
Global
	GlobalSection(SolutionConfigurationPlatforms) = preSolution
		Debug|Any CPU = Debug|Any CPU
		Release|Any CPU = Release|Any CPU
	EndGlobalSection
	GlobalSection(ProjectConfigurationPlatforms) = postSolution
		{814728BD-716A-4FBE-852A-03FAB791D919}.Debug|Any CPU.ActiveCfg = Debug|Any CPU
		{814728BD-716A-4FBE-852A-03FAB791D919}.Debug|Any CPU.Build.0 = Debug|Any CPU
		{814728BD-716A-4FBE-852A-03FAB791D919}.Release|Any CPU.ActiveCfg = Release|Any CPU
		{814728BD-716A-4FBE-852A-03FAB791D919}.Release|Any CPU.Build.0 = Release|Any CPU
		{CC2C8920-1D4E-4837-B2C5-268892EF90BF}.Debug|Any CPU.ActiveCfg = Debug|Any CPU
		{CC2C8920-1D4E-4837-B2C5-268892EF90BF}.Debug|Any CPU.Build.0 = Debug|Any CPU
		{CC2C8920-1D4E-4837-B2C5-268892EF90BF}.Release|Any CPU.ActiveCfg = Release|Any CPU
		{CC2C8920-1D4E-4837-B2C5-268892EF90BF}.Release|Any CPU.Build.0 = Release|Any CPU
		{2BCBDD27-4B4C-4DF8-9984-8B05392B95FB}.Debug|Any CPU.ActiveCfg = Debug|Any CPU
		{2BCBDD27-4B4C-4DF8-9984-8B05392B95FB}.Debug|Any CPU.Build.0 = Debug|Any CPU
		{2BCBDD27-4B4C-4DF8-9984-8B05392B95FB}.Release|Any CPU.ActiveCfg = Release|Any CPU
		{2BCBDD27-4B4C-4DF8-9984-8B05392B95FB}.Release|Any CPU.Build.0 = Release|Any CPU
		{4A937688-8542-475C-97C4-194739E13434}.Debug|Any CPU.ActiveCfg = Debug|Any CPU
		{4A937688-8542-475C-97C4-194739E13434}.Debug|Any CPU.Build.0 = Debug|Any CPU
		{4A937688-8542-475C-97C4-194739E13434}.Release|Any CPU.ActiveCfg = Release|Any CPU
		{4A937688-8542-475C-97C4-194739E13434}.Release|Any CPU.Build.0 = Release|Any CPU
		{84D6E626-5383-4C02-8B40-8B61E69268A6}.Debug|Any CPU.ActiveCfg = Debug|Any CPU
		{84D6E626-5383-4C02-8B40-8B61E69268A6}.Debug|Any CPU.Build.0 = Debug|Any CPU
		{84D6E626-5383-4C02-8B40-8B61E69268A6}.Release|Any CPU.ActiveCfg = Release|Any CPU
		{84D6E626-5383-4C02-8B40-8B61E69268A6}.Release|Any CPU.Build.0 = Release|Any CPU
		{8E2C09A9-DD71-456A-AFB3-4E631FE1919D}.Debug|Any CPU.ActiveCfg = Debug|Any CPU
		{8E2C09A9-DD71-456A-AFB3-4E631FE1919D}.Debug|Any CPU.Build.0 = Debug|Any CPU
		{8E2C09A9-DD71-456A-AFB3-4E631FE1919D}.Release|Any CPU.ActiveCfg = Release|Any CPU
		{8E2C09A9-DD71-456A-AFB3-4E631FE1919D}.Release|Any CPU.Build.0 = Release|Any CPU
		{BB0DE99F-0522-48E4-8BBC-1A9E2E607968}.Debug|Any CPU.ActiveCfg = Debug|Any CPU
		{BB0DE99F-0522-48E4-8BBC-1A9E2E607968}.Debug|Any CPU.Build.0 = Debug|Any CPU
		{BB0DE99F-0522-48E4-8BBC-1A9E2E607968}.Release|Any CPU.ActiveCfg = Release|Any CPU
		{BB0DE99F-0522-48E4-8BBC-1A9E2E607968}.Release|Any CPU.Build.0 = Release|Any CPU
		{DA4245D0-E3DB-4D87-8F88-8421C8DB6F0E}.Debug|Any CPU.ActiveCfg = Debug|Any CPU
		{DA4245D0-E3DB-4D87-8F88-8421C8DB6F0E}.Debug|Any CPU.Build.0 = Debug|Any CPU
		{DA4245D0-E3DB-4D87-8F88-8421C8DB6F0E}.Release|Any CPU.ActiveCfg = Release|Any CPU
		{DA4245D0-E3DB-4D87-8F88-8421C8DB6F0E}.Release|Any CPU.Build.0 = Release|Any CPU
		{FF32EDA8-41EF-4C31-B7B1-CD3E957452BB}.Debug|Any CPU.ActiveCfg = Debug|Any CPU
		{FF32EDA8-41EF-4C31-B7B1-CD3E957452BB}.Debug|Any CPU.Build.0 = Debug|Any CPU
		{FF32EDA8-41EF-4C31-B7B1-CD3E957452BB}.Release|Any CPU.ActiveCfg = Release|Any CPU
		{FF32EDA8-41EF-4C31-B7B1-CD3E957452BB}.Release|Any CPU.Build.0 = Release|Any CPU
		{5ED56837-1356-4C36-AF64-F756B898CDA5}.Debug|Any CPU.ActiveCfg = Debug|Any CPU
		{5ED56837-1356-4C36-AF64-F756B898CDA5}.Debug|Any CPU.Build.0 = Debug|Any CPU
		{5ED56837-1356-4C36-AF64-F756B898CDA5}.Release|Any CPU.ActiveCfg = Release|Any CPU
		{5ED56837-1356-4C36-AF64-F756B898CDA5}.Release|Any CPU.Build.0 = Release|Any CPU
		{D46CBFB7-4A87-4A2A-AB2F-CAD656A8DCCC}.Debug|Any CPU.ActiveCfg = Debug|Any CPU
		{D46CBFB7-4A87-4A2A-AB2F-CAD656A8DCCC}.Debug|Any CPU.Build.0 = Debug|Any CPU
		{D46CBFB7-4A87-4A2A-AB2F-CAD656A8DCCC}.Release|Any CPU.ActiveCfg = Release|Any CPU
		{D46CBFB7-4A87-4A2A-AB2F-CAD656A8DCCC}.Release|Any CPU.Build.0 = Release|Any CPU
		{B0DE16EF-1948-4C08-A42E-E288337FBBFA}.Debug|Any CPU.ActiveCfg = Debug|Any CPU
		{B0DE16EF-1948-4C08-A42E-E288337FBBFA}.Debug|Any CPU.Build.0 = Debug|Any CPU
		{B0DE16EF-1948-4C08-A42E-E288337FBBFA}.Release|Any CPU.ActiveCfg = Release|Any CPU
		{B0DE16EF-1948-4C08-A42E-E288337FBBFA}.Release|Any CPU.Build.0 = Release|Any CPU
	EndGlobalSection
	GlobalSection(SolutionProperties) = preSolution
		HideSolutionNode = FALSE
	EndGlobalSection
	GlobalSection(ExtensibilityGlobals) = postSolution
		SolutionGuid = {8F13602A-97CC-4A69-9DA6-F03B91A77699}
	EndGlobalSection
EndGlobal
